
Microsoft Visual Studio Solution File, Format Version 12.00
# Visual Studio Version 17
VisualStudioVersion = 17.4.33110.190
MinimumVisualStudioVersion = 10.0.40219.1
Project("{FAE04EC0-301F-11D3-BF4B-00C04F79EFBC}") = "DataAccess", "DataAccess\DataAccess.csproj", "{8D12251E-F1CF-4F3C-8C7C-A8B103523731}"
EndProject
Project("{FAE04EC0-301F-11D3-BF4B-00C04F79EFBC}") = "Business", "Business\Business.csproj", "{ECC1C528-FBA8-4D4D-9780-0A01B5921DEF}"
EndProject
Project("{FAE04EC0-301F-11D3-BF4B-00C04F79EFBC}") = "Entities", "Entities\Entities.csproj", "{6A42EECC-242F-4849-8CCF-EC8E594F4C55}"
EndProject
Project("{FAE04EC0-301F-11D3-BF4B-00C04F79EFBC}") = "ConsoleUI", "ConsoleUI\ConsoleUI.csproj", "{E439EEA5-2AB0-4DD6-96AE-4967DF81D637}"
EndProject
Global
	GlobalSection(SolutionConfigurationPlatforms) = preSolution
		Debug|Any CPU = Debug|Any CPU
		Release|Any CPU = Release|Any CPU
	EndGlobalSection
	GlobalSection(ProjectConfigurationPlatforms) = postSolution
		{8D12251E-F1CF-4F3C-8C7C-A8B103523731}.Debug|Any CPU.ActiveCfg = Debug|Any CPU
		{8D12251E-F1CF-4F3C-8C7C-A8B103523731}.Debug|Any CPU.Build.0 = Debug|Any CPU
		{8D12251E-F1CF-4F3C-8C7C-A8B103523731}.Release|Any CPU.ActiveCfg = Release|Any CPU
		{8D12251E-F1CF-4F3C-8C7C-A8B103523731}.Release|Any CPU.Build.0 = Release|Any CPU
		{ECC1C528-FBA8-4D4D-9780-0A01B5921DEF}.Debug|Any CPU.ActiveCfg = Debug|Any CPU
		{ECC1C528-FBA8-4D4D-9780-0A01B5921DEF}.Debug|Any CPU.Build.0 = Debug|Any CPU
		{ECC1C528-FBA8-4D4D-9780-0A01B5921DEF}.Release|Any CPU.ActiveCfg = Release|Any CPU
		{ECC1C528-FBA8-4D4D-9780-0A01B5921DEF}.Release|Any CPU.Build.0 = Release|Any CPU
		{6A42EECC-242F-4849-8CCF-EC8E594F4C55}.Debug|Any CPU.ActiveCfg = Debug|Any CPU
		{6A42EECC-242F-4849-8CCF-EC8E594F4C55}.Debug|Any CPU.Build.0 = Debug|Any CPU
		{6A42EECC-242F-4849-8CCF-EC8E594F4C55}.Release|Any CPU.ActiveCfg = Release|Any CPU
		{6A42EECC-242F-4849-8CCF-EC8E594F4C55}.Release|Any CPU.Build.0 = Release|Any CPU
		{E439EEA5-2AB0-4DD6-96AE-4967DF81D637}.Debug|Any CPU.ActiveCfg = Debug|Any CPU
		{E439EEA5-2AB0-4DD6-96AE-4967DF81D637}.Debug|Any CPU.Build.0 = Debug|Any CPU
		{E439EEA5-2AB0-4DD6-96AE-4967DF81D637}.Release|Any CPU.ActiveCfg = Release|Any CPU
		{E439EEA5-2AB0-4DD6-96AE-4967DF81D637}.Release|Any CPU.Build.0 = Release|Any CPU
	EndGlobalSection
	GlobalSection(SolutionProperties) = preSolution
		HideSolutionNode = FALSE
	EndGlobalSection
	GlobalSection(ExtensibilityGlobals) = postSolution
		SolutionGuid = {645CD8DC-41D1-485E-BAE9-99F32AF01CA7}
	EndGlobalSection
EndGlobal
